
Microsoft Visual Studio Solution File, Format Version 12.00
# Visual Studio 15
VisualStudioVersion = 15.0.27004.2006
MinimumVisualStudioVersion = 10.0.40219.1
Project("{FAE04EC0-301F-11D3-BF4B-00C04F79EFBC}") = "ConsoleApp1", "ConsoleApp1\ConsoleApp1.csproj", "{0D604F60-81F3-49A3-A814-7DA74FDD4BA7}"
EndProject
Global
	GlobalSection(SolutionConfigurationPlatforms) = preSolution
		Debug|Any CPU = Debug|Any CPU
		Release|Any CPU = Release|Any CPU
	EndGlobalSection
	GlobalSection(ProjectConfigurationPlatforms) = postSolution
		{0D604F60-81F3-49A3-A814-7DA74FDD4BA7}.Debug|Any CPU.ActiveCfg = Debug|Any CPU
		{0D604F60-81F3-49A3-A814-7DA74FDD4BA7}.Debug|Any CPU.Build.0 = Debug|Any CPU
		{0D604F60-81F3-49A3-A814-7DA74FDD4BA7}.Release|Any CPU.ActiveCfg = Release|Any CPU
		{0D604F60-81F3-49A3-A814-7DA74FDD4BA7}.Release|Any CPU.Build.0 = Release|Any CPU
	EndGlobalSection
	GlobalSection(SolutionProperties) = preSolution
		HideSolutionNode = FALSE
	EndGlobalSection
	GlobalSection(ExtensibilityGlobals) = postSolution
		SolutionGuid = {50CAAC20-1BF5-4AE3-8BFB-4625DA968F42}
	EndGlobalSection
EndGlobal
