
Microsoft Visual Studio Solution File, Format Version 12.00
# Visual Studio 15
VisualStudioVersion = 15.0.27004.2006
MinimumVisualStudioVersion = 10.0.40219.1
Project("{FAE04EC0-301F-11D3-BF4B-00C04F79EFBC}") = "Ejercicios operacion", "Ejercicios operacion\Ejercicios operacion.csproj", "{0E936B9E-B585-4048-99BF-D2BA265E33EB}"
EndProject
Global
	GlobalSection(SolutionConfigurationPlatforms) = preSolution
		Debug|Any CPU = Debug|Any CPU
		Release|Any CPU = Release|Any CPU
	EndGlobalSection
	GlobalSection(ProjectConfigurationPlatforms) = postSolution
		{0E936B9E-B585-4048-99BF-D2BA265E33EB}.Debug|Any CPU.ActiveCfg = Debug|Any CPU
		{0E936B9E-B585-4048-99BF-D2BA265E33EB}.Debug|Any CPU.Build.0 = Debug|Any CPU
		{0E936B9E-B585-4048-99BF-D2BA265E33EB}.Release|Any CPU.ActiveCfg = Release|Any CPU
		{0E936B9E-B585-4048-99BF-D2BA265E33EB}.Release|Any CPU.Build.0 = Release|Any CPU
	EndGlobalSection
	GlobalSection(SolutionProperties) = preSolution
		HideSolutionNode = FALSE
	EndGlobalSection
	GlobalSection(ExtensibilityGlobals) = postSolution
		SolutionGuid = {ACE35259-0C8C-451F-BF47-377CB537462D}
	EndGlobalSection
EndGlobal
