
Microsoft Visual Studio Solution File, Format Version 12.00
# Visual Studio 15
VisualStudioVersion = 15.0.27004.2006
MinimumVisualStudioVersion = 10.0.40219.1
Project("{FAE04EC0-301F-11D3-BF4B-00C04F79EFBC}") = "ConsoleApp5", "ConsoleApp5\ConsoleApp5.csproj", "{5CFAB9BE-7237-47FA-961F-FCE932B8F770}"
EndProject
Global
	GlobalSection(SolutionConfigurationPlatforms) = preSolution
		Debug|Any CPU = Debug|Any CPU
		Release|Any CPU = Release|Any CPU
	EndGlobalSection
	GlobalSection(ProjectConfigurationPlatforms) = postSolution
		{5CFAB9BE-7237-47FA-961F-FCE932B8F770}.Debug|Any CPU.ActiveCfg = Debug|Any CPU
		{5CFAB9BE-7237-47FA-961F-FCE932B8F770}.Debug|Any CPU.Build.0 = Debug|Any CPU
		{5CFAB9BE-7237-47FA-961F-FCE932B8F770}.Release|Any CPU.ActiveCfg = Release|Any CPU
		{5CFAB9BE-7237-47FA-961F-FCE932B8F770}.Release|Any CPU.Build.0 = Release|Any CPU
	EndGlobalSection
	GlobalSection(SolutionProperties) = preSolution
		HideSolutionNode = FALSE
	EndGlobalSection
	GlobalSection(ExtensibilityGlobals) = postSolution
		SolutionGuid = {CA21F610-63FF-4043-A2A1-E85765FC43DE}
	EndGlobalSection
EndGlobal
